
Microsoft Visual Studio Solution File, Format Version 12.00
# Visual Studio 15
VisualStudioVersion = 15.0.28010.2048
MinimumVisualStudioVersion = 10.0.40219.1
Project("{8BC9CEB8-8B4A-11D0-8D11-00A0C91BC942}") = "Assignments_1", "Assignments_1\Assignments_1.vcxproj", "{DBDB1095-00CC-4CF1-B90D-FF472A99BC63}"
EndProject
Global
	GlobalSection(SolutionConfigurationPlatforms) = preSolution
		Debug|x64 = Debug|x64
		Debug|x86 = Debug|x86
		Release|x64 = Release|x64
		Release|x86 = Release|x86
	EndGlobalSection
	GlobalSection(ProjectConfigurationPlatforms) = postSolution
		{DBDB1095-00CC-4CF1-B90D-FF472A99BC63}.Debug|x64.ActiveCfg = Debug|x64
		{DBDB1095-00CC-4CF1-B90D-FF472A99BC63}.Debug|x64.Build.0 = Debug|x64
		{DBDB1095-00CC-4CF1-B90D-FF472A99BC63}.Debug|x86.ActiveCfg = Debug|Win32
		{DBDB1095-00CC-4CF1-B90D-FF472A99BC63}.Debug|x86.Build.0 = Debug|Win32
		{DBDB1095-00CC-4CF1-B90D-FF472A99BC63}.Release|x64.ActiveCfg = Release|x64
		{DBDB1095-00CC-4CF1-B90D-FF472A99BC63}.Release|x64.Build.0 = Release|x64
		{DBDB1095-00CC-4CF1-B90D-FF472A99BC63}.Release|x86.ActiveCfg = Release|Win32
		{DBDB1095-00CC-4CF1-B90D-FF472A99BC63}.Release|x86.Build.0 = Release|Win32
	EndGlobalSection
	GlobalSection(SolutionProperties) = preSolution
		HideSolutionNode = FALSE
	EndGlobalSection
	GlobalSection(ExtensibilityGlobals) = postSolution
		SolutionGuid = {27B07EBF-792A-4ED3-8F52-3576E39760C4}
	EndGlobalSection
EndGlobal
