
Microsoft Visual Studio Solution File, Format Version 12.00
# Visual Studio 15
VisualStudioVersion = 15.0.28010.2048
MinimumVisualStudioVersion = 10.0.40219.1
Project("{8BC9CEB8-8B4A-11D0-8D11-00A0C91BC942}") = "Knapsack_Problem", "Knapsack_Problem\Knapsack_Problem.vcxproj", "{A472C61F-6419-45CD-AF82-2953F1D394A6}"
EndProject
Global
	GlobalSection(SolutionConfigurationPlatforms) = preSolution
		Debug|x64 = Debug|x64
		Debug|x86 = Debug|x86
		Release|x64 = Release|x64
		Release|x86 = Release|x86
	EndGlobalSection
	GlobalSection(ProjectConfigurationPlatforms) = postSolution
		{A472C61F-6419-45CD-AF82-2953F1D394A6}.Debug|x64.ActiveCfg = Debug|x64
		{A472C61F-6419-45CD-AF82-2953F1D394A6}.Debug|x64.Build.0 = Debug|x64
		{A472C61F-6419-45CD-AF82-2953F1D394A6}.Debug|x86.ActiveCfg = Debug|Win32
		{A472C61F-6419-45CD-AF82-2953F1D394A6}.Debug|x86.Build.0 = Debug|Win32
		{A472C61F-6419-45CD-AF82-2953F1D394A6}.Release|x64.ActiveCfg = Release|x64
		{A472C61F-6419-45CD-AF82-2953F1D394A6}.Release|x64.Build.0 = Release|x64
		{A472C61F-6419-45CD-AF82-2953F1D394A6}.Release|x86.ActiveCfg = Release|Win32
		{A472C61F-6419-45CD-AF82-2953F1D394A6}.Release|x86.Build.0 = Release|Win32
	EndGlobalSection
	GlobalSection(SolutionProperties) = preSolution
		HideSolutionNode = FALSE
	EndGlobalSection
	GlobalSection(ExtensibilityGlobals) = postSolution
		SolutionGuid = {91357CB3-B99E-47BE-8D4E-A4B8F7AE7058}
	EndGlobalSection
EndGlobal
